// !$*UTF8*$!
{
	archiveVersion = 1;
	classes = {
	};
	objectVersion = 50;
	objects = {

/* Begin PBXBuildFile section */
		BD15A048247BCBD100A55078 /* AppDelegate.swift in Sources */ = {isa = PBXBuildFile; fileRef = BD15A047247BCBD100A55078 /* AppDelegate.swift */; };
		BD15A04A247BCBD100A55078 /* SceneDelegate.swift in Sources */ = {isa = PBXBuildFile; fileRef = BD15A049247BCBD100A55078 /* SceneDelegate.swift */; };
		BD15A04C247BCBD100A55078 /* ViewController.swift in Sources */ = {isa = PBXBuildFile; fileRef = BD15A04B247BCBD100A55078 /* ViewController.swift */; };
		BD15A04F247BCBD100A55078 /* Main.storyboard in Resources */ = {isa = PBXBuildFile; fileRef = BD15A04D247BCBD100A55078 /* Main.storyboard */; };
		BD15A051247BCBD800A55078 /* Assets.xcassets in Resources */ = {isa = PBXBuildFile; fileRef = BD15A050247BCBD800A55078 /* Assets.xcassets */; };
		BD15A054247BCBD800A55078 /* LaunchScreen.storyboard in Resources */ = {isa = PBXBuildFile; fileRef = BD15A052247BCBD800A55078 /* LaunchScreen.storyboard */; };
		BD15A05C247D064700A55078 /* CALayer Extension.swift in Sources */ = {isa = PBXBuildFile; fileRef = BD15A05B247D064700A55078 /* CALayer Extension.swift */; };
		BD15A060247D113E00A55078 /* MyImage.swift in Sources */ = {isa = PBXBuildFile; fileRef = BD15A05F247D113E00A55078 /* MyImage.swift */; };
/* End PBXBuildFile section */

/* Begin PBXFileReference section */
		BD15A044247BCBD100A55078 /* increase-Image.app */ = {isa = PBXFileReference; explicitFileType = wrapper.application; includeInIndex = 0; path = "increase-Image.app"; sourceTree = BUILT_PRODUCTS_DIR; };
		BD15A047247BCBD100A55078 /* AppDelegate.swift */ = {isa = PBXFileReference; lastKnownFileType = sourcecode.swift; path = AppDelegate.swift; sourceTree = "<group>"; };
		BD15A049247BCBD100A55078 /* SceneDelegate.swift */ = {isa = PBXFileReference; lastKnownFileType = sourcecode.swift; path = SceneDelegate.swift; sourceTree = "<group>"; };
		BD15A04B247BCBD100A55078 /* ViewController.swift */ = {isa = PBXFileReference; lastKnownFileType = sourcecode.swift; path = ViewController.swift; sourceTree = "<group>"; };
		BD15A04E247BCBD100A55078 /* Base */ = {isa = PBXFileReference; lastKnownFileType = file.storyboard; name = Base; path = Base.lproj/Main.storyboard; sourceTree = "<group>"; };
		BD15A050247BCBD800A55078 /* Assets.xcassets */ = {isa = PBXFileReference; lastKnownFileType = folder.assetcatalog; path = Assets.xcassets; sourceTree = "<group>"; };
		BD15A053247BCBD800A55078 /* Base */ = {isa = PBXFileReference; lastKnownFileType = file.storyboard; name = Base; path = Base.lproj/LaunchScreen.storyboard; sourceTree = "<group>"; };
		BD15A055247BCBD800A55078 /* Info.plist */ = {isa = PBXFileReference; lastKnownFileType = text.plist.xml; path = Info.plist; sourceTree = "<group>"; };
		BD15A05B247D064700A55078 /* CALayer Extension.swift */ = {isa = PBXFileReference; lastKnownFileType = sourcecode.swift; path = "CALayer Extension.swift"; sourceTree = "<group>"; };
		BD15A05F247D113E00A55078 /* MyImage.swift */ = {isa = PBXFileReference; lastKnownFileType = sourcecode.swift; path = MyImage.swift; sourceTree = "<group>"; };
/* End PBXFileReference section */

/* Begin PBXFrameworksBuildPhase section */
		BD15A041247BCBD100A55078 /* Frameworks */ = {
			isa = PBXFrameworksBuildPhase;
			buildActionMask = 2147483647;
			files = (
			);
			runOnlyForDeploymentPostprocessing = 0;
		};
/* End PBXFrameworksBuildPhase section */

/* Begin PBXGroup section */
		BD15A03B247BCBD100A55078 = {
			isa = PBXGroup;
			children = (
				BD15A046247BCBD100A55078 /* increase-Image */,
				BD15A045247BCBD100A55078 /* Products */,
			);
			sourceTree = "<group>";
		};
		BD15A045247BCBD100A55078 /* Products */ = {
			isa = PBXGroup;
			children = (
				BD15A044247BCBD100A55078 /* increase-Image.app */,
			);
			name = Products;
			sourceTree = "<group>";
		};
		BD15A046247BCBD100A55078 /* increase-Image */ = {
			isa = PBXGroup;
			children = (
				BD15A047247BCBD100A55078 /* AppDelegate.swift */,
				BD15A049247BCBD100A55078 /* SceneDelegate.swift */,
				BD15A04B247BCBD100A55078 /* ViewController.swift */,
				BD15A04D247BCBD100A55078 /* Main.storyboard */,
				BD15A05B247D064700A55078 /* CALayer Extension.swift */,
				BD15A050247BCBD800A55078 /* Assets.xcassets */,
				BD15A052247BCBD800A55078 /* LaunchScreen.storyboard */,
				BD15A055247BCBD800A55078 /* Info.plist */,
				BD15A05F247D113E00A55078 /* MyImage.swift */,
			);
			path = "increase-Image";
			sourceTree = "<group>";
		};
/* End PBXGroup section */

/* Begin PBXNativeTarget section */
		BD15A043247BCBD100A55078 /* increase-Image */ = {
			isa = PBXNativeTarget;
			buildConfigurationList = BD15A058247BCBD800A55078 /* Build configuration list for PBXNativeTarget "increase-Image" */;
			buildPhases = (
				BD15A040247BCBD100A55078 /* Sources */,
				BD15A041247BCBD100A55078 /* Frameworks */,
				BD15A042247BCBD100A55078 /* Resources */,
			);
			buildRules = (
			);
			dependencies = (
			);
			name = "increase-Image";
			productName = "increase-Image";
			productReference = BD15A044247BCBD100A55078 /* increase-Image.app */;
			productType = "com.apple.product-type.application";
		};
/* End PBXNativeTarget section */

/* Begin PBXProject section */
		BD15A03C247BCBD100A55078 /* Project object */ = {
			isa = PBXProject;
			attributes = {
				LastSwiftUpdateCheck = 1150;
				LastUpgradeCheck = 1150;
				ORGANIZATIONNAME = "Caroline Zaini";
				TargetAttributes = {
					BD15A043247BCBD100A55078 = {
						CreatedOnToolsVersion = 11.5;
					};
				};
			};
			buildConfigurationList = BD15A03F247BCBD100A55078 /* Build configuration list for PBXProject "increase-Image" */;
			compatibilityVersion = "Xcode 9.3";
			developmentRegion = en;
			hasScannedForEncodings = 0;
			knownRegions = (
				en,
				Base,
			);
			mainGroup = BD15A03B247BCBD100A55078;
			productRefGroup = BD15A045247BCBD100A55078 /* Products */;
			projectDirPath = "";
			projectRoot = "";
			targets = (
				BD15A043247BCBD100A55078 /* increase-Image */,
			);
		};
/* End PBXProject section */

/* Begin PBXResourcesBuildPhase section */
		BD15A042247BCBD100A55078 /* Resources */ = {
			isa = PBXResourcesBuildPhase;
			buildActionMask = 2147483647;
			files = (
				BD15A054247BCBD800A55078 /* LaunchScreen.storyboard in Resources */,
				BD15A051247BCBD800A55078 /* Assets.xcassets in Resources */,
				BD15A04F247BCBD100A55078 /* Main.storyboard in Resources */,
			);
			runOnlyForDeploymentPostprocessing = 0;
		};
/* End PBXResourcesBuildPhase section */

/* Begin PBXSourcesBuildPhase section */
		BD15A040247BCBD100A55078 /* Sources */ = {
			isa = PBXSourcesBuildPhase;
			buildActionMask = 2147483647;
			files = (
				BD15A05C247D064700A55078 /* CALayer Extension.swift in Sources */,
				BD15A04C247BCBD100A55078 /* ViewController.swift in Sources */,
				BD15A060247D113E00A55078 /* MyImage.swift in Sources */,
				BD15A048247BCBD100A55078 /* AppDelegate.swift in Sources */,
				BD15A04A247BCBD100A55078 /* SceneDelegate.swift in Sources */,
			);
			runOnlyForDeploymentPostprocessing = 0;
		};
/* End PBXSourcesBuildPhase section */

/* Begin PBXVariantGroup section */
		BD15A04D247BCBD100A55078 /* Main.storyboard */ = {
			isa = PBXVariantGroup;
			children = (
				BD15A04E247BCBD100A55078 /* Base */,
			);
			name = Main.storyboard;
			sourceTree = "<group>";
		};
		BD15A052247BCBD800A55078 /* LaunchScreen.storyboard */ = {
			isa = PBXVariantGroup;
			children = (
				BD15A053247BCBD800A55078 /* Base */,
			);
			name = LaunchScreen.storyboard;
			sourceTree = "<group>";
		};
/* End PBXVariantGroup section */

/* Begin XCBuildConfiguration section */
		BD15A056247BCBD800A55078 /* Debug */ = {
			isa = XCBuildConfiguration;
			buildSettings = {
				ALWAYS_SEARCH_USER_PATHS = NO;
				CLANG_ANALYZER_NONNULL = YES;
				CLANG_ANALYZER_NUMBER_OBJECT_CONVERSION = YES_AGGRESSIVE;
				CLANG_CXX_LANGUAGE_STANDARD = "gnu++14";
				CLANG_CXX_LIBRARY = "libc++";
				CLANG_ENABLE_MODULES = YES;
				CLANG_ENABLE_OBJC_ARC = YES;
				CLANG_ENABLE_OBJC_WEAK = YES;
				CLANG_WARN_BLOCK_CAPTURE_AUTORELEASING = YES;
				CLANG_WARN_BOOL_CONVERSION = YES;
				CLANG_WARN_COMMA = YES;
				CLANG_WARN_CONSTANT_CONVERSION = YES;
				CLANG_WARN_DEPRECATED_OBJC_IMPLEMENTATIONS = YES;
				CLANG_WARN_DIRECT_OBJC_ISA_USAGE = YES_ERROR;
				CLANG_WARN_DOCUMENTATION_COMMENTS = YES;
				CLANG_WARN_EMPTY_BODY = YES;
				CLANG_WARN_ENUM_CONVERSION = YES;
				CLANG_WARN_INFINITE_RECURSION = YES;
				CLANG_WARN_INT_CONVERSION = YES;
				CLANG_WARN_NON_LITERAL_NULL_CONVERSION = YES;
				CLANG_WARN_OBJC_IMPLICIT_RETAIN_SELF = YES;
				CLANG_WARN_OBJC_LITERAL_CONVERSION = YES;
				CLANG_WARN_OBJC_ROOT_CLASS = YES_ERROR;
				CLANG_WARN_RANGE_LOOP_ANALYSIS = YES;
				CLANG_WARN_STRICT_PROTOTYPES = YES;
				CLANG_WARN_SUSPICIOUS_MOVE = YES;
				CLANG_WARN_UNGUARDED_AVAILABILITY = YES_AGGRESSIVE;
				CLANG_WARN_UNREACHABLE_CODE = YES;
				CLANG_WARN__DUPLICATE_METHOD_MATCH = YES;
				COPY_PHASE_STRIP = NO;
				DEBUG_INFORMATION_FORMAT = dwarf;
				ENABLE_STRICT_OBJC_MSGSEND = YES;
				ENABLE_TESTABILITY = YES;
				GCC_C_LANGUAGE_STANDARD = gnu11;
				GCC_DYNAMIC_NO_PIC = NO;
				GCC_NO_COMMON_BLOCKS = YES;
				GCC_OPTIMIZATION_LEVEL = 0;
				GCC_PREPROCESSOR_DEFINITIONS = (
					"DEBUG=1",
					"$(inherited)",
				);
				GCC_WARN_64_TO_32_BIT_CONVERSION = YES;
				GCC_WARN_ABOUT_RETURN_TYPE = YES_ERROR;
				GCC_WARN_UNDECLARED_SELECTOR = YES;
				GCC_WARN_UNINITIALIZED_AUTOS = YES_AGGRESSIVE;
				GCC_WARN_UNUSED_FUNCTION = YES;
				GCC_WARN_UNUSED_VARIABLE = YES;
				IPHONEOS_DEPLOYMENT_TARGET = 13.5;
				MTL_ENABLE_DEBUG_INFO = INCLUDE_SOURCE;
				MTL_FAST_MATH = YES;
				ONLY_ACTIVE_ARCH = YES;
				SDKROOT = iphoneos;
				SWIFT_ACTIVE_COMPILATION_CONDITIONS = DEBUG;
				SWIFT_OPTIMIZATION_LEVEL = "-Onone";
			};
			name = Debug;
		};
		BD15A057247BCBD800A55078 /* Release */ = {
			isa = XCBuildConfiguration;
			buildSettings = {
				ALWAYS_SEARCH_USER_PATHS = NO;
				CLANG_ANALYZER_NONNULL = YES;
				CLANG_ANALYZER_NUMBER_OBJECT_CONVERSION = YES_AGGRESSIVE;
				CLANG_CXX_LANGUAGE_STANDARD = "gnu++14";
				CLANG_CXX_LIBRARY = "libc++";
				CLANG_ENABLE_MODULES = YES;
				CLANG_ENABLE_OBJC_ARC = YES;
				CLANG_ENABLE_OBJC_WEAK = YES;
				CLANG_WARN_BLOCK_CAPTURE_AUTORELEASING = YES;
				CLANG_WARN_BOOL_CONVERSION = YES;
				CLANG_WARN_COMMA = YES;
				CLANG_WARN_CONSTANT_CONVERSION = YES;
				CLANG_WARN_DEPRECATED_OBJC_IMPLEMENTATIONS = YES;
				CLANG_WARN_DIRECT_OBJC_ISA_USAGE = YES_ERROR;
				CLANG_WARN_DOCUMENTATION_COMMENTS = YES;
				CLANG_WARN_EMPTY_BODY = YES;
				CLANG_WARN_ENUM_CONVERSION = YES;
				CLANG_WARN_INFINITE_RECURSION = YES;
				CLANG_WARN_INT_CONVERSION = YES;
				CLANG_WARN_NON_LITERAL_NULL_CONVERSION = YES;
				CLANG_WARN_OBJC_IMPLICIT_RETAIN_SELF = YES;
				CLANG_WARN_OBJC_LITERAL_CONVERSION = YES;
				CLANG_WARN_OBJC_ROOT_CLASS = YES_ERROR;
				CLANG_WARN_RANGE_LOOP_ANALYSIS = YES;
				CLANG_WARN_STRICT_PROTOTYPES = YES;
				CLANG_WARN_SUSPICIOUS_MOVE = YES;
				CLANG_WARN_UNGUARDED_AVAILABILITY = YES_AGGRESSIVE;
				CLANG_WARN_UNREACHABLE_CODE = YES;
				CLANG_WARN__DUPLICATE_METHOD_MATCH = YES;
				COPY_PHASE_STRIP = NO;
				DEBUG_INFORMATION_FORMAT = "dwarf-with-dsym";
				ENABLE_NS_ASSERTIONS = NO;
				ENABLE_STRICT_OBJC_MSGSEND = YES;
				GCC_C_LANGUAGE_STANDARD = gnu11;
				GCC_NO_COMMON_BLOCKS = YES;
				GCC_WARN_64_TO_32_BIT_CONVERSION = YES;
				GCC_WARN_ABOUT_RETURN_TYPE = YES_ERROR;
				GCC_WARN_UNDECLARED_SELECTOR = YES;
				GCC_WARN_UNINITIALIZED_AUTOS = YES_AGGRESSIVE;
				GCC_WARN_UNUSED_FUNCTION = YES;
				GCC_WARN_UNUSED_VARIABLE = YES;
				IPHONEOS_DEPLOYMENT_TARGET = 13.5;
				MTL_ENABLE_DEBUG_INFO = NO;
				MTL_FAST_MATH = YES;
				SDKROOT = iphoneos;
				SWIFT_COMPILATION_MODE = wholemodule;
				SWIFT_OPTIMIZATION_LEVEL = "-O";
				VALIDATE_PRODUCT = YES;
			};
			name = Release;
		};
		BD15A059247BCBD800A55078 /* Debug */ = {
			isa = XCBuildConfiguration;
			buildSettings = {
				ASSETCATALOG_COMPILER_APPICON_NAME = AppIcon;
				CODE_SIGN_STYLE = Automatic;
				INFOPLIST_FILE = "increase-Image/Info.plist";
				LD_RUNPATH_SEARCH_PATHS = (
					"$(inherited)",
					"@executable_path/Frameworks",
				);
				PRODUCT_BUNDLE_IDENTIFIER = "fr.carolinezaini.increase-Image";
				PRODUCT_NAME = "$(TARGET_NAME)";
				SWIFT_VERSION = 5.0;
				TARGETED_DEVICE_FAMILY = "1,2";
			};
			name = Debug;
		};
		BD15A05A247BCBD800A55078 /* Release */ = {
			isa = XCBuildConfiguration;
			buildSettings = {
				ASSETCATALOG_COMPILER_APPICON_NAME = AppIcon;
				CODE_SIGN_STYLE = Automatic;
				INFOPLIST_FILE = "increase-Image/Info.plist";
				LD_RUNPATH_SEARCH_PATHS = (
					"$(inherited)",
					"@executable_path/Frameworks",
				);
				PRODUCT_BUNDLE_IDENTIFIER = "fr.carolinezaini.increase-Image";
				PRODUCT_NAME = "$(TARGET_NAME)";
				SWIFT_VERSION = 5.0;
				TARGETED_DEVICE_FAMILY = "1,2";
			};
			name = Release;
		};
/* End XCBuildConfiguration section */

/* Begin XCConfigurationList section */
		BD15A03F247BCBD100A55078 /* Build configuration list for PBXProject "increase-Image" */ = {
			isa = XCConfigurationList;
			buildConfigurations = (
				BD15A056247BCBD800A55078 /* Debug */,
				BD15A057247BCBD800A55078 /* Release */,
			);
			defaultConfigurationIsVisible = 0;
			defaultConfigurationName = Release;
		};
		BD15A058247BCBD800A55078 /* Build configuration list for PBXNativeTarget "increase-Image" */ = {
			isa = XCConfigurationList;
			buildConfigurations = (
				BD15A059247BCBD800A55078 /* Debug */,
				BD15A05A247BCBD800A55078 /* Release */,
			);
			defaultConfigurationIsVisible = 0;
			defaultConfigurationName = Release;
		};
/* End XCConfigurationList section */
	};
	rootObject = BD15A03C247BCBD100A55078 /* Project object */;
}
